
Microsoft Visual Studio Solution File, Format Version 12.00
# Visual Studio Version 16
VisualStudioVersion = 16.0.30309.148
MinimumVisualStudioVersion = 10.0.40219.1
Project("{9A19103F-16F7-4668-BE54-9A1E7A4F7556}") = "HomeMeter.Web", "HomeMeter.Web\HomeMeter.Web.csproj", "{EAF6F725-D1D0-484E-A47B-B83CBB360639}"
EndProject
Project("{FAE04EC0-301F-11D3-BF4B-00C04F79EFBC}") = "HomeMeter.Domain", "HomeMeter.Domain\HomeMeter.Domain.csproj", "{EAD73949-131F-4296-9E04-DDD01CAB36AD}"
EndProject
Project("{FAE04EC0-301F-11D3-BF4B-00C04F79EFBC}") = "HomeMeter.Services", "HomeMeter.Services\HomeMeter.Services.csproj", "{EE8E293C-8082-42B6-8057-694BE9F9CA86}"
EndProject
Global
	GlobalSection(SolutionConfigurationPlatforms) = preSolution
		Debug|Any CPU = Debug|Any CPU
		Release|Any CPU = Release|Any CPU
	EndGlobalSection
	GlobalSection(ProjectConfigurationPlatforms) = postSolution
		{EAF6F725-D1D0-484E-A47B-B83CBB360639}.Debug|Any CPU.ActiveCfg = Debug|Any CPU
		{EAF6F725-D1D0-484E-A47B-B83CBB360639}.Debug|Any CPU.Build.0 = Debug|Any CPU
		{EAF6F725-D1D0-484E-A47B-B83CBB360639}.Release|Any CPU.ActiveCfg = Release|Any CPU
		{EAF6F725-D1D0-484E-A47B-B83CBB360639}.Release|Any CPU.Build.0 = Release|Any CPU
		{EAD73949-131F-4296-9E04-DDD01CAB36AD}.Debug|Any CPU.ActiveCfg = Debug|Any CPU
		{EAD73949-131F-4296-9E04-DDD01CAB36AD}.Debug|Any CPU.Build.0 = Debug|Any CPU
		{EAD73949-131F-4296-9E04-DDD01CAB36AD}.Release|Any CPU.ActiveCfg = Release|Any CPU
		{EAD73949-131F-4296-9E04-DDD01CAB36AD}.Release|Any CPU.Build.0 = Release|Any CPU
		{EE8E293C-8082-42B6-8057-694BE9F9CA86}.Debug|Any CPU.ActiveCfg = Debug|Any CPU
		{EE8E293C-8082-42B6-8057-694BE9F9CA86}.Debug|Any CPU.Build.0 = Debug|Any CPU
		{EE8E293C-8082-42B6-8057-694BE9F9CA86}.Release|Any CPU.ActiveCfg = Release|Any CPU
		{EE8E293C-8082-42B6-8057-694BE9F9CA86}.Release|Any CPU.Build.0 = Release|Any CPU
	EndGlobalSection
	GlobalSection(SolutionProperties) = preSolution
		HideSolutionNode = FALSE
	EndGlobalSection
	GlobalSection(ExtensibilityGlobals) = postSolution
		SolutionGuid = {8E77FF0A-7864-420C-A1EF-2B0E8F483ADC}
	EndGlobalSection
EndGlobal
